
Microsoft Visual Studio Solution File, Format Version 12.00
# Visual Studio 14
VisualStudioVersion = 14.0.25420.1
MinimumVisualStudioVersion = 10.0.40219.1
Project("{FAE04EC0-301F-11D3-BF4B-00C04F79EFBC}") = "JOB.WEB", "JOB.WEB\JOB.WEB.csproj", "{CEE973D5-3804-40BF-89DC-F3E48DA3FFFC}"
EndProject
Project("{FAE04EC0-301F-11D3-BF4B-00C04F79EFBC}") = "JOB.WEB.Tests", "JOB.WEB.Tests\JOB.WEB.Tests.csproj", "{C91E7BF6-F06C-4D79-ACE7-7CD0F79246C1}"
EndProject
Project("{FAE04EC0-301F-11D3-BF4B-00C04F79EFBC}") = "JOB.API", "JOB.API\JOB.API.csproj", "{87CE196D-70CC-4597-A5CC-E2CFE1E54158}"
EndProject
Project("{FAE04EC0-301F-11D3-BF4B-00C04F79EFBC}") = "JOB.HELPERS", "JOB.HELPERS\JOB.HELPERS.csproj", "{AC41ADDA-32AF-40E5-83F4-91D4AC103BE7}"
EndProject
Project("{FAE04EC0-301F-11D3-BF4B-00C04F79EFBC}") = "JOB.DATA", "JOB.DATA\JOB.DATA.csproj", "{1793DD30-C3B2-4795-AA65-7566EB29BE8C}"
EndProject
Project("{FAE04EC0-301F-11D3-BF4B-00C04F79EFBC}") = "JOB.StartUp", "JOB.StartUp\JOB.StartUp.csproj", "{4188022C-3208-4056-BCD3-D69D1B6C748C}"
EndProject
Global
	GlobalSection(SolutionConfigurationPlatforms) = preSolution
		Debug|Any CPU = Debug|Any CPU
		Release|Any CPU = Release|Any CPU
	EndGlobalSection
	GlobalSection(ProjectConfigurationPlatforms) = postSolution
		{CEE973D5-3804-40BF-89DC-F3E48DA3FFFC}.Debug|Any CPU.ActiveCfg = Debug|Any CPU
		{CEE973D5-3804-40BF-89DC-F3E48DA3FFFC}.Debug|Any CPU.Build.0 = Debug|Any CPU
		{CEE973D5-3804-40BF-89DC-F3E48DA3FFFC}.Release|Any CPU.ActiveCfg = Release|Any CPU
		{CEE973D5-3804-40BF-89DC-F3E48DA3FFFC}.Release|Any CPU.Build.0 = Release|Any CPU
		{C91E7BF6-F06C-4D79-ACE7-7CD0F79246C1}.Debug|Any CPU.ActiveCfg = Debug|Any CPU
		{C91E7BF6-F06C-4D79-ACE7-7CD0F79246C1}.Debug|Any CPU.Build.0 = Debug|Any CPU
		{C91E7BF6-F06C-4D79-ACE7-7CD0F79246C1}.Release|Any CPU.ActiveCfg = Release|Any CPU
		{C91E7BF6-F06C-4D79-ACE7-7CD0F79246C1}.Release|Any CPU.Build.0 = Release|Any CPU
		{87CE196D-70CC-4597-A5CC-E2CFE1E54158}.Debug|Any CPU.ActiveCfg = Debug|Any CPU
		{87CE196D-70CC-4597-A5CC-E2CFE1E54158}.Debug|Any CPU.Build.0 = Debug|Any CPU
		{87CE196D-70CC-4597-A5CC-E2CFE1E54158}.Release|Any CPU.ActiveCfg = Release|Any CPU
		{87CE196D-70CC-4597-A5CC-E2CFE1E54158}.Release|Any CPU.Build.0 = Release|Any CPU
		{AC41ADDA-32AF-40E5-83F4-91D4AC103BE7}.Debug|Any CPU.ActiveCfg = Debug|Any CPU
		{AC41ADDA-32AF-40E5-83F4-91D4AC103BE7}.Debug|Any CPU.Build.0 = Debug|Any CPU
		{AC41ADDA-32AF-40E5-83F4-91D4AC103BE7}.Release|Any CPU.ActiveCfg = Release|Any CPU
		{AC41ADDA-32AF-40E5-83F4-91D4AC103BE7}.Release|Any CPU.Build.0 = Release|Any CPU
		{1793DD30-C3B2-4795-AA65-7566EB29BE8C}.Debug|Any CPU.ActiveCfg = Debug|Any CPU
		{1793DD30-C3B2-4795-AA65-7566EB29BE8C}.Debug|Any CPU.Build.0 = Debug|Any CPU
		{1793DD30-C3B2-4795-AA65-7566EB29BE8C}.Release|Any CPU.ActiveCfg = Release|Any CPU
		{1793DD30-C3B2-4795-AA65-7566EB29BE8C}.Release|Any CPU.Build.0 = Release|Any CPU
		{4188022C-3208-4056-BCD3-D69D1B6C748C}.Debug|Any CPU.ActiveCfg = Debug|Any CPU
		{4188022C-3208-4056-BCD3-D69D1B6C748C}.Debug|Any CPU.Build.0 = Debug|Any CPU
		{4188022C-3208-4056-BCD3-D69D1B6C748C}.Release|Any CPU.ActiveCfg = Release|Any CPU
		{4188022C-3208-4056-BCD3-D69D1B6C748C}.Release|Any CPU.Build.0 = Release|Any CPU
	EndGlobalSection
	GlobalSection(SolutionProperties) = preSolution
		HideSolutionNode = FALSE
	EndGlobalSection
EndGlobal
